
Microsoft Visual Studio Solution File, Format Version 12.00
# Visual Studio Version 17
VisualStudioVersion = 17.0.32112.339
MinimumVisualStudioVersion = 10.0.40219.1
Project("{FAE04EC0-301F-11D3-BF4B-00C04F79EFBC}") = "My_Responsive_App", "My_Responsive_App\My_Responsive_App.csproj", "{66C480FA-CD80-4C1F-9BE9-66951A1B8DCB}"
EndProject
Global
	GlobalSection(SolutionConfigurationPlatforms) = preSolution
		Debug|Any CPU = Debug|Any CPU
		Release|Any CPU = Release|Any CPU
	EndGlobalSection
	GlobalSection(ProjectConfigurationPlatforms) = postSolution
		{66C480FA-CD80-4C1F-9BE9-66951A1B8DCB}.Debug|Any CPU.ActiveCfg = Debug|Any CPU
		{66C480FA-CD80-4C1F-9BE9-66951A1B8DCB}.Debug|Any CPU.Build.0 = Debug|Any CPU
		{66C480FA-CD80-4C1F-9BE9-66951A1B8DCB}.Release|Any CPU.ActiveCfg = Release|Any CPU
		{66C480FA-CD80-4C1F-9BE9-66951A1B8DCB}.Release|Any CPU.Build.0 = Release|Any CPU
	EndGlobalSection
	GlobalSection(SolutionProperties) = preSolution
		HideSolutionNode = FALSE
	EndGlobalSection
	GlobalSection(ExtensibilityGlobals) = postSolution
		SolutionGuid = {1EA5FCFD-3756-412A-A359-516F916E4B9A}
	EndGlobalSection
EndGlobal
